<?xml version="1.0" encoding="utf-8"?>
<Project ToolsVersion="4.0" xmlns="http://schemas.microsoft.com/developer/msbuild/2003">
  <ItemGroup>
    <Filter Include="Source Files">
      <UniqueIdentifier>{4FC737F1-C7A5-4376-A066-2A32D752A2FF}</UniqueIdentifier>
      <Extensions>cpp;c;cc;cxx;def;odl;idl;hpj;bat;asm;asmx</Extensions>
    </Filter>
    <Filter Include="Header Files">
      <UniqueIdentifier>{93995380-89BD-4b04-88EB-625FBE52EBFB}</UniqueIdentifier>
      <Extensions>h;hh;hpp;hxx;hm;inl;inc;xsd</Extensions>
    </Filter>
    <Filter Include="Resource Files">
      <UniqueIdentifier>{67DA6AB6-F800-4c08-8B7A-83BB121AAD01}</UniqueIdentifier>
      <Extensions>rc;ico;cur;bmp;dlg;rc2;rct;bin;rgs;gif;jpg;jpeg;jpe;resx;tiff;tif;png;wav;mfcribbon-ms</Extensions>
    </Filter>
  </ItemGroup>
  <ItemGroup>
    <ClCompile Include="src\agg_embedded_raster_fonts.cpp">
      <Filter>Source Files</Filter>
    </ClCompile>
    <ClCompile Include="src\bezier.cpp">
      <Filter>Source Files</Filter>
    </ClCompile>
    <ClCompile Include="src\dproc_clock.cpp">
      <Filter>Source Files</Filter>
    </ClCompile>
    <ClCompile Include="src\font.cpp">
      <Filter>Source Files</Filter>
    </ClCompile>
    <ClCompile Include="src\guistyle.cpp">
      <Filter>Source Files</Filter>
    </ClCompile>
    <ClCompile Include="src\linearalgebra.cpp">
      <Filter>Source Files</Filter>
    </ClCompile>
    <ClCompile Include="src\pbm.cpp">
      <Filter>Source Files</Filter>
    </ClCompile>
    <ClCompile Include="src\pixelbuffer.cpp">
      <Filter>Source Files</Filter>
    </ClCompile>
    <ClCompile Include="src\raster_rgba.cpp">
      <Filter>Source Files</Filter>
    </ClCompile>
    <ClCompile Include="src\raster_rgba_polygon.cpp">
      <Filter>Source Files</Filter>
    </ClCompile>
    <ClCompile Include="src\raster_rgba_triangle.cpp">
      <Filter>Source Files</Filter>
    </ClCompile>
    <ClCompile Include="src\drawproc.cpp">
      <Filter>Source Files</Filter>
    </ClCompile>
    <ClCompile Include="src\main.cpp">
      <Filter>Source Files</Filter>
    </ClCompile>
    <ClCompile Include="src\pb_rect.cpp">
      <Filter>Source Files</Filter>
    </ClCompile>
    <ClCompile Include="src\Matrix.cpp">
      <Filter>Source Files</Filter>
    </ClCompile>
    <ClCompile Include="src\AView.cpp">
      <Filter>Source Files</Filter>
    </ClCompile>
    <ClCompile Include="src\dp_win32.cpp">
      <Filter>Source Files</Filter>
    </ClCompile>
    <ClCompile Include="src\dp_error.cpp">
      <Filter>Source Files</Filter>
    </ClCompile>
    <ClCompile Include="src\genmem.cpp">
      <Filter>Source Files</Filter>
    </ClCompile>
    <ClCompile Include="src\fb.cpp">
      <Filter>Source Files</Filter>
    </ClCompile>
    <ClCompile Include="src\fblin1.cpp">
      <Filter>Source Files</Filter>
    </ClCompile>
    <ClCompile Include="src\fblin2.cpp">
      <Filter>Source Files</Filter>
    </ClCompile>
    <ClCompile Include="src\fblin4.cpp">
      <Filter>Source Files</Filter>
    </ClCompile>
    <ClCompile Include="src\fblin8.cpp">
      <Filter>Source Files</Filter>
    </ClCompile>
    <ClCompile Include="src\fblin16.cpp">
      <Filter>Source Files</Filter>
    </ClCompile>
    <ClCompile Include="src\fblin24.cpp">
      <Filter>Source Files</Filter>
    </ClCompile>
    <ClCompile Include="src\fblin32.cpp">
      <Filter>Source Files</Filter>
    </ClCompile>
    <ClCompile Include="src\fbportrain_left.cpp">
      <Filter>Source Files</Filter>
    </ClCompile>
    <ClCompile Include="src\fbportrait_down.cpp">
      <Filter>Source Files</Filter>
    </ClCompile>
    <ClCompile Include="src\fbportrait_right.cpp">
      <Filter>Source Files</Filter>
    </ClCompile>
    <ClCompile Include="src\devopen.cpp">
      <Filter>Source Files</Filter>
    </ClCompile>
    <ClCompile Include="src\conv_blit_frameb.cpp">
      <Filter>Source Files</Filter>
    </ClCompile>
    <ClCompile Include="src\convblit_8888.cpp">
      <Filter>Source Files</Filter>
    </ClCompile>
    <ClCompile Include="src\convblit_mask.cpp">
      <Filter>Source Files</Filter>
    </ClCompile>
    <ClCompile Include="src\devblit.cpp">
      <Filter>Source Files</Filter>
    </ClCompile>
    <ClCompile Include="src\devclip2.cpp">
      <Filter>Source Files</Filter>
    </ClCompile>
    <ClCompile Include="src\devdraw.cpp">
      <Filter>Source Files</Filter>
    </ClCompile>
    <ClCompile Include="src\devkbd.cpp">
      <Filter>Source Files</Filter>
    </ClCompile>
    <ClCompile Include="src\devlist.cpp">
      <Filter>Source Files</Filter>
    </ClCompile>
    <ClCompile Include="src\devmouse.cpp">
      <Filter>Source Files</Filter>
    </ClCompile>
    <ClCompile Include="src\devrgn.cpp">
      <Filter>Source Files</Filter>
    </ClCompile>
    <ClCompile Include="src\devstipple.cpp">
      <Filter>Source Files</Filter>
    </ClCompile>
    <ClCompile Include="src\genfont.cpp">
      <Filter>Source Files</Filter>
    </ClCompile>
    <ClCompile Include="src\kbd_win32.cpp">
      <Filter>Source Files</Filter>
    </ClCompile>
    <ClCompile Include="src\mou_null.cpp">
      <Filter>Source Files</Filter>
    </ClCompile>
    <ClCompile Include="src\rasterops.cpp">
      <Filter>Source Files</Filter>
    </ClCompile>
    <ClCompile Include="src\global_state.cpp">
      <Filter>Source Files</Filter>
    </ClCompile>
    <ClCompile Include="src\dp_bufferio.cpp">
      <Filter>Source Files</Filter>
    </ClCompile>
    <ClCompile Include="src\winFreeSansSerif11x13.cpp">
      <Filter>Source Files</Filter>
    </ClCompile>
    <ClCompile Include="src\X6x13.cpp">
      <Filter>Source Files</Filter>
    </ClCompile>
    <ClCompile Include="src\devfont.cpp">
      <Filter>Source Files</Filter>
    </ClCompile>
    <ClCompile Include="src\font_dbcs.cpp">
      <Filter>Source Files</Filter>
    </ClCompile>
    <ClCompile Include="src\font_fnt.cpp">
      <Filter>Source Files</Filter>
    </ClCompile>
    <ClCompile Include="src\dproc_types.cpp">
      <Filter>Source Files</Filter>
    </ClCompile>
  </ItemGroup>
  <ItemGroup>
    <ClInclude Include="src\agg_embedded_raster_fonts.h">
      <Filter>Header Files</Filter>
    </ClInclude>
    <ClInclude Include="src\animwin32.h">
      <Filter>Header Files</Filter>
    </ClInclude>
    <ClInclude Include="src\bezier.h">
      <Filter>Header Files</Filter>
    </ClInclude>
    <ClInclude Include="src\dproc_clock.h">
      <Filter>Header Files</Filter>
    </ClInclude>
    <ClInclude Include="src\graphicc.h">
      <Filter>Header Files</Filter>
    </ClInclude>
    <ClInclude Include="src\guistyle.h">
      <Filter>Header Files</Filter>
    </ClInclude>
    <ClInclude Include="src\linearalgebra.h">
      <Filter>Header Files</Filter>
    </ClInclude>
    <ClInclude Include="src\raster_rgba.h">
      <Filter>Header Files</Filter>
    </ClInclude>
    <ClInclude Include="src\vkeys.h">
      <Filter>Header Files</Filter>
    </ClInclude>
    <ClInclude Include="src\drawproc.h">
      <Filter>Header Files</Filter>
    </ClInclude>
    <ClInclude Include="src\key_scancodes.h">
      <Filter>Header Files</Filter>
    </ClInclude>
    <ClInclude Include="src\Matrix.h">
      <Filter>Header Files</Filter>
    </ClInclude>
    <ClInclude Include="src\dproc_constants.h">
      <Filter>Header Files</Filter>
    </ClInclude>
    <ClInclude Include="src\dproc_config.h">
      <Filter>Header Files</Filter>
    </ClInclude>
    <ClInclude Include="src\AView.h">
      <Filter>Header Files</Filter>
    </ClInclude>
    <ClInclude Include="src\dpdevice.h">
      <Filter>Header Files</Filter>
    </ClInclude>
    <ClInclude Include="src\dptypes.h">
      <Filter>Header Files</Filter>
    </ClInclude>
    <ClInclude Include="src\dp_keymouse.h">
      <Filter>Header Files</Filter>
    </ClInclude>
    <ClInclude Include="src\dp_gddevice.h">
      <Filter>Header Files</Filter>
    </ClInclude>
    <ClInclude Include="src\dp_pixmanip.h">
      <Filter>Header Files</Filter>
    </ClInclude>
    <ClInclude Include="src\dpsystem.h">
      <Filter>Header Files</Filter>
    </ClInclude>
    <ClInclude Include="src\dp_win32.h">
      <Filter>Header Files</Filter>
    </ClInclude>
    <ClInclude Include="src\fb.h">
      <Filter>Header Files</Filter>
    </ClInclude>
    <ClInclude Include="src\genfont.h">
      <Filter>Header Files</Filter>
    </ClInclude>
    <ClInclude Include="src\swap.h">
      <Filter>Header Files</Filter>
    </ClInclude>
    <ClInclude Include="src\genmem.h">
      <Filter>Header Files</Filter>
    </ClInclude>
    <ClInclude Include="src\convblit.h">
      <Filter>Header Files</Filter>
    </ClInclude>
    <ClInclude Include="src\global_state.h">
      <Filter>Header Files</Filter>
    </ClInclude>
    <ClInclude Include="src\dproc_types.h">
      <Filter>Header Files</Filter>
    </ClInclude>
    <ClInclude Include="src\dp_bufferio.h">
      <Filter>Header Files</Filter>
    </ClInclude>
    <ClInclude Include="src\fblin32.h">
      <Filter>Header Files</Filter>
    </ClInclude>
    <ClInclude Include="src\devfont.h">
      <Filter>Header Files</Filter>
    </ClInclude>
    <ClInclude Include="src\intl.h">
      <Filter>Header Files</Filter>
    </ClInclude>
  </ItemGroup>
</Project>