
Microsoft Visual Studio Solution File, Format Version 12.00
# Visual Studio 2013
VisualStudioVersion = 12.0.21005.1
MinimumVisualStudioVersion = 10.0.40219.1
Project("{8BC9CEB8-8B4A-11D0-8D11-00A0C91BC942}") = "drawproc", "drawproc.vcxproj", "{F4203E3C-12F2-463F-B187-C6DDD8660BAF}"
EndProject
Project("{8BC9CEB8-8B4A-11D0-8D11-00A0C91BC942}") = "colorMode", "examples\colorMode\colorMode.vcxproj", "{1B7B8A5B-AC41-4294-AE1C-7708F0B14493}"
	ProjectSection(ProjectDependencies) = postProject
		{F4203E3C-12F2-463F-B187-C6DDD8660BAF} = {F4203E3C-12F2-463F-B187-C6DDD8660BAF}
	EndProjectSection
EndProject
Project("{8BC9CEB8-8B4A-11D0-8D11-00A0C91BC942}") = "BannerSketch", "examples\BannerSketch\BannerSketch.vcxproj", "{775611F9-5577-4432-A591-C52B400C27D7}"
	ProjectSection(ProjectDependencies) = postProject
		{F4203E3C-12F2-463F-B187-C6DDD8660BAF} = {F4203E3C-12F2-463F-B187-C6DDD8660BAF}
	EndProjectSection
EndProject
Project("{8BC9CEB8-8B4A-11D0-8D11-00A0C91BC942}") = "keytrack", "examples\keytrack\keytrack.vcxproj", "{88F18EC4-5BEC-4BC6-8318-1D57C0F17601}"
	ProjectSection(ProjectDependencies) = postProject
		{F4203E3C-12F2-463F-B187-C6DDD8660BAF} = {F4203E3C-12F2-463F-B187-C6DDD8660BAF}
	EndProjectSection
EndProject
Project("{8BC9CEB8-8B4A-11D0-8D11-00A0C91BC942}") = "Mouse2D", "examples\Mouse2D\Mouse2D.vcxproj", "{C5206891-6D0A-4252-84C9-E2D7BB485E3D}"
	ProjectSection(ProjectDependencies) = postProject
		{F4203E3C-12F2-463F-B187-C6DDD8660BAF} = {F4203E3C-12F2-463F-B187-C6DDD8660BAF}
	EndProjectSection
EndProject
Project("{8BC9CEB8-8B4A-11D0-8D11-00A0C91BC942}") = "TimeSeries", "examples\TimeSeries\TimeSeries.vcxproj", "{1ACA6FB7-4A53-4B7C-A3A4-A2C43F613272}"
	ProjectSection(ProjectDependencies) = postProject
		{F4203E3C-12F2-463F-B187-C6DDD8660BAF} = {F4203E3C-12F2-463F-B187-C6DDD8660BAF}
	EndProjectSection
EndProject
Project("{8BC9CEB8-8B4A-11D0-8D11-00A0C91BC942}") = "SineConsole", "examples\SineConsole\SineConsole.vcxproj", "{A98A7E62-35E0-4EC3-B21E-44B1151CB490}"
	ProjectSection(ProjectDependencies) = postProject
		{F4203E3C-12F2-463F-B187-C6DDD8660BAF} = {F4203E3C-12F2-463F-B187-C6DDD8660BAF}
	EndProjectSection
EndProject
Project("{8BC9CEB8-8B4A-11D0-8D11-00A0C91BC942}") = "trianglestrip", "examples\trianglestrip\trianglestrip.vcxproj", "{2E404FF5-A2E8-471B-A148-DFFF22C22DEC}"
	ProjectSection(ProjectDependencies) = postProject
		{F4203E3C-12F2-463F-B187-C6DDD8660BAF} = {F4203E3C-12F2-463F-B187-C6DDD8660BAF}
	EndProjectSection
EndProject
Project("{8BC9CEB8-8B4A-11D0-8D11-00A0C91BC942}") = "Structure", "examples\Structure\Structure.vcxproj", "{196877DB-396D-4AB8-B602-004CC2DAAC0B}"
EndProject
Project("{8BC9CEB8-8B4A-11D0-8D11-00A0C91BC942}") = "Arrays", "examples\Arrays\Arrays.vcxproj", "{D0B0785E-7904-4D29-9928-74D7FAB27129}"
EndProject
Global
	GlobalSection(SolutionConfigurationPlatforms) = preSolution
		Debug|Win32 = Debug|Win32
		Release|Win32 = Release|Win32
	EndGlobalSection
	GlobalSection(ProjectConfigurationPlatforms) = postSolution
		{F4203E3C-12F2-463F-B187-C6DDD8660BAF}.Debug|Win32.ActiveCfg = Debug|Win32
		{F4203E3C-12F2-463F-B187-C6DDD8660BAF}.Debug|Win32.Build.0 = Debug|Win32
		{F4203E3C-12F2-463F-B187-C6DDD8660BAF}.Release|Win32.ActiveCfg = Release|Win32
		{F4203E3C-12F2-463F-B187-C6DDD8660BAF}.Release|Win32.Build.0 = Release|Win32
		{1B7B8A5B-AC41-4294-AE1C-7708F0B14493}.Debug|Win32.ActiveCfg = Debug|Win32
		{1B7B8A5B-AC41-4294-AE1C-7708F0B14493}.Debug|Win32.Build.0 = Debug|Win32
		{1B7B8A5B-AC41-4294-AE1C-7708F0B14493}.Release|Win32.ActiveCfg = Release|Win32
		{1B7B8A5B-AC41-4294-AE1C-7708F0B14493}.Release|Win32.Build.0 = Release|Win32
		{775611F9-5577-4432-A591-C52B400C27D7}.Debug|Win32.ActiveCfg = Debug|Win32
		{775611F9-5577-4432-A591-C52B400C27D7}.Debug|Win32.Build.0 = Debug|Win32
		{775611F9-5577-4432-A591-C52B400C27D7}.Release|Win32.ActiveCfg = Release|Win32
		{775611F9-5577-4432-A591-C52B400C27D7}.Release|Win32.Build.0 = Release|Win32
		{88F18EC4-5BEC-4BC6-8318-1D57C0F17601}.Debug|Win32.ActiveCfg = Debug|Win32
		{88F18EC4-5BEC-4BC6-8318-1D57C0F17601}.Debug|Win32.Build.0 = Debug|Win32
		{88F18EC4-5BEC-4BC6-8318-1D57C0F17601}.Release|Win32.ActiveCfg = Release|Win32
		{88F18EC4-5BEC-4BC6-8318-1D57C0F17601}.Release|Win32.Build.0 = Release|Win32
		{C5206891-6D0A-4252-84C9-E2D7BB485E3D}.Debug|Win32.ActiveCfg = Debug|Win32
		{C5206891-6D0A-4252-84C9-E2D7BB485E3D}.Debug|Win32.Build.0 = Debug|Win32
		{C5206891-6D0A-4252-84C9-E2D7BB485E3D}.Release|Win32.ActiveCfg = Release|Win32
		{C5206891-6D0A-4252-84C9-E2D7BB485E3D}.Release|Win32.Build.0 = Release|Win32
		{1ACA6FB7-4A53-4B7C-A3A4-A2C43F613272}.Debug|Win32.ActiveCfg = Debug|Win32
		{1ACA6FB7-4A53-4B7C-A3A4-A2C43F613272}.Debug|Win32.Build.0 = Debug|Win32
		{1ACA6FB7-4A53-4B7C-A3A4-A2C43F613272}.Release|Win32.ActiveCfg = Release|Win32
		{1ACA6FB7-4A53-4B7C-A3A4-A2C43F613272}.Release|Win32.Build.0 = Release|Win32
		{A98A7E62-35E0-4EC3-B21E-44B1151CB490}.Debug|Win32.ActiveCfg = Debug|Win32
		{A98A7E62-35E0-4EC3-B21E-44B1151CB490}.Debug|Win32.Build.0 = Debug|Win32
		{A98A7E62-35E0-4EC3-B21E-44B1151CB490}.Release|Win32.ActiveCfg = Release|Win32
		{A98A7E62-35E0-4EC3-B21E-44B1151CB490}.Release|Win32.Build.0 = Release|Win32
		{2E404FF5-A2E8-471B-A148-DFFF22C22DEC}.Debug|Win32.ActiveCfg = Debug|Win32
		{2E404FF5-A2E8-471B-A148-DFFF22C22DEC}.Debug|Win32.Build.0 = Debug|Win32
		{2E404FF5-A2E8-471B-A148-DFFF22C22DEC}.Release|Win32.ActiveCfg = Release|Win32
		{2E404FF5-A2E8-471B-A148-DFFF22C22DEC}.Release|Win32.Build.0 = Release|Win32
		{196877DB-396D-4AB8-B602-004CC2DAAC0B}.Debug|Win32.ActiveCfg = Debug|Win32
		{196877DB-396D-4AB8-B602-004CC2DAAC0B}.Debug|Win32.Build.0 = Debug|Win32
		{196877DB-396D-4AB8-B602-004CC2DAAC0B}.Release|Win32.ActiveCfg = Release|Win32
		{196877DB-396D-4AB8-B602-004CC2DAAC0B}.Release|Win32.Build.0 = Release|Win32
		{D0B0785E-7904-4D29-9928-74D7FAB27129}.Debug|Win32.ActiveCfg = Debug|Win32
		{D0B0785E-7904-4D29-9928-74D7FAB27129}.Debug|Win32.Build.0 = Debug|Win32
		{D0B0785E-7904-4D29-9928-74D7FAB27129}.Release|Win32.ActiveCfg = Release|Win32
		{D0B0785E-7904-4D29-9928-74D7FAB27129}.Release|Win32.Build.0 = Release|Win32
	EndGlobalSection
	GlobalSection(SolutionProperties) = preSolution
		HideSolutionNode = FALSE
	EndGlobalSection
EndGlobal
