
Microsoft Visual Studio Solution File, Format Version 12.00
# Visual Studio 14
VisualStudioVersion = 14.0.25420.1
MinimumVisualStudioVersion = 10.0.40219.1
Project("{8BC9CEB8-8B4A-11D0-8D11-00A0C91BC942}") = "drawproc", "drawproc.vcxproj", "{F4203E3C-12F2-463F-B187-C6DDD8660BAF}"
EndProject
Project("{8BC9CEB8-8B4A-11D0-8D11-00A0C91BC942}") = "colorMode", "examples\colorMode\colorMode.vcxproj", "{1B7B8A5B-AC41-4294-AE1C-7708F0B14493}"
	ProjectSection(ProjectDependencies) = postProject
		{F4203E3C-12F2-463F-B187-C6DDD8660BAF} = {F4203E3C-12F2-463F-B187-C6DDD8660BAF}
	EndProjectSection
EndProject
Project("{8BC9CEB8-8B4A-11D0-8D11-00A0C91BC942}") = "BannerSketch", "examples\BannerSketch\BannerSketch.vcxproj", "{775611F9-5577-4432-A591-C52B400C27D7}"
	ProjectSection(ProjectDependencies) = postProject
		{F4203E3C-12F2-463F-B187-C6DDD8660BAF} = {F4203E3C-12F2-463F-B187-C6DDD8660BAF}
	EndProjectSection
EndProject
Project("{8BC9CEB8-8B4A-11D0-8D11-00A0C91BC942}") = "keytrack", "examples\keytrack\keytrack.vcxproj", "{88F18EC4-5BEC-4BC6-8318-1D57C0F17601}"
	ProjectSection(ProjectDependencies) = postProject
		{F4203E3C-12F2-463F-B187-C6DDD8660BAF} = {F4203E3C-12F2-463F-B187-C6DDD8660BAF}
	EndProjectSection
EndProject
Project("{8BC9CEB8-8B4A-11D0-8D11-00A0C91BC942}") = "Mouse2D", "examples\Mouse2D\Mouse2D.vcxproj", "{C5206891-6D0A-4252-84C9-E2D7BB485E3D}"
	ProjectSection(ProjectDependencies) = postProject
		{F4203E3C-12F2-463F-B187-C6DDD8660BAF} = {F4203E3C-12F2-463F-B187-C6DDD8660BAF}
	EndProjectSection
EndProject
Project("{8BC9CEB8-8B4A-11D0-8D11-00A0C91BC942}") = "TimeSeries", "examples\TimeSeries\TimeSeries.vcxproj", "{1ACA6FB7-4A53-4B7C-A3A4-A2C43F613272}"
	ProjectSection(ProjectDependencies) = postProject
		{F4203E3C-12F2-463F-B187-C6DDD8660BAF} = {F4203E3C-12F2-463F-B187-C6DDD8660BAF}
	EndProjectSection
EndProject
Project("{8BC9CEB8-8B4A-11D0-8D11-00A0C91BC942}") = "SineConsole", "examples\SineConsole\SineConsole.vcxproj", "{A98A7E62-35E0-4EC3-B21E-44B1151CB490}"
	ProjectSection(ProjectDependencies) = postProject
		{F4203E3C-12F2-463F-B187-C6DDD8660BAF} = {F4203E3C-12F2-463F-B187-C6DDD8660BAF}
	EndProjectSection
EndProject
Project("{8BC9CEB8-8B4A-11D0-8D11-00A0C91BC942}") = "trianglestrip", "examples\trianglestrip\trianglestrip.vcxproj", "{2E404FF5-A2E8-471B-A148-DFFF22C22DEC}"
	ProjectSection(ProjectDependencies) = postProject
		{F4203E3C-12F2-463F-B187-C6DDD8660BAF} = {F4203E3C-12F2-463F-B187-C6DDD8660BAF}
	EndProjectSection
EndProject
Project("{8BC9CEB8-8B4A-11D0-8D11-00A0C91BC942}") = "Structure", "examples\Structure\Structure.vcxproj", "{196877DB-396D-4AB8-B602-004CC2DAAC0B}"
EndProject
Project("{8BC9CEB8-8B4A-11D0-8D11-00A0C91BC942}") = "Arrays", "examples\Arrays\Arrays.vcxproj", "{D0B0785E-7904-4D29-9928-74D7FAB27129}"
EndProject
Project("{8BC9CEB8-8B4A-11D0-8D11-00A0C91BC942}") = "cards", "examples\cards\cards.vcxproj", "{918A2B7A-AFFC-439A-A8E1-4FE640F0FF76}"
EndProject
Project("{8BC9CEB8-8B4A-11D0-8D11-00A0C91BC942}") = "sorter", "examples\sorter\sorter.vcxproj", "{E80D8613-08B5-435B-88EC-B859BD98F064}"
EndProject
Project("{8BC9CEB8-8B4A-11D0-8D11-00A0C91BC942}") = "randomlines", "examples\randomlines\randomlines.vcxproj", "{D4558E06-D00D-4465-9125-786B78466A62}"
	ProjectSection(ProjectDependencies) = postProject
		{F4203E3C-12F2-463F-B187-C6DDD8660BAF} = {F4203E3C-12F2-463F-B187-C6DDD8660BAF}
	EndProjectSection
EndProject
Project("{8BC9CEB8-8B4A-11D0-8D11-00A0C91BC942}") = "randomrects", "examples\randomrects\randomrects.vcxproj", "{BA874602-FDAD-4FCA-A1A5-75F92C758700}"
	ProjectSection(ProjectDependencies) = postProject
		{F4203E3C-12F2-463F-B187-C6DDD8660BAF} = {F4203E3C-12F2-463F-B187-C6DDD8660BAF}
	EndProjectSection
EndProject
Project("{8BC9CEB8-8B4A-11D0-8D11-00A0C91BC942}") = "randomtriangles", "examples\randomtriangles\randomtriangles.vcxproj", "{1844B9D8-239B-40E6-B05E-A9E7AF978F20}"
	ProjectSection(ProjectDependencies) = postProject
		{F4203E3C-12F2-463F-B187-C6DDD8660BAF} = {F4203E3C-12F2-463F-B187-C6DDD8660BAF}
	EndProjectSection
EndProject
Project("{8BC9CEB8-8B4A-11D0-8D11-00A0C91BC942}") = "checkerboard", "examples\checkerboard\checkerboard.vcxproj", "{BFB367C6-FF82-4B13-99D6-E3CA712EEFCA}"
	ProjectSection(ProjectDependencies) = postProject
		{F4203E3C-12F2-463F-B187-C6DDD8660BAF} = {F4203E3C-12F2-463F-B187-C6DDD8660BAF}
	EndProjectSection
EndProject
Global
	GlobalSection(SolutionConfigurationPlatforms) = preSolution
		Debug|Win32 = Debug|Win32
		Debug|x64 = Debug|x64
		Release|Win32 = Release|Win32
		Release|x64 = Release|x64
	EndGlobalSection
	GlobalSection(ProjectConfigurationPlatforms) = postSolution
		{F4203E3C-12F2-463F-B187-C6DDD8660BAF}.Debug|Win32.ActiveCfg = Debug|Win32
		{F4203E3C-12F2-463F-B187-C6DDD8660BAF}.Debug|Win32.Build.0 = Debug|Win32
		{F4203E3C-12F2-463F-B187-C6DDD8660BAF}.Debug|x64.ActiveCfg = Debug|Win32
		{F4203E3C-12F2-463F-B187-C6DDD8660BAF}.Release|Win32.ActiveCfg = Release|Win32
		{F4203E3C-12F2-463F-B187-C6DDD8660BAF}.Release|Win32.Build.0 = Release|Win32
		{F4203E3C-12F2-463F-B187-C6DDD8660BAF}.Release|x64.ActiveCfg = Release|Win32
		{1B7B8A5B-AC41-4294-AE1C-7708F0B14493}.Debug|Win32.ActiveCfg = Debug|Win32
		{1B7B8A5B-AC41-4294-AE1C-7708F0B14493}.Debug|Win32.Build.0 = Debug|Win32
		{1B7B8A5B-AC41-4294-AE1C-7708F0B14493}.Debug|x64.ActiveCfg = Debug|Win32
		{1B7B8A5B-AC41-4294-AE1C-7708F0B14493}.Release|Win32.ActiveCfg = Release|Win32
		{1B7B8A5B-AC41-4294-AE1C-7708F0B14493}.Release|Win32.Build.0 = Release|Win32
		{1B7B8A5B-AC41-4294-AE1C-7708F0B14493}.Release|x64.ActiveCfg = Release|Win32
		{775611F9-5577-4432-A591-C52B400C27D7}.Debug|Win32.ActiveCfg = Debug|Win32
		{775611F9-5577-4432-A591-C52B400C27D7}.Debug|Win32.Build.0 = Debug|Win32
		{775611F9-5577-4432-A591-C52B400C27D7}.Debug|x64.ActiveCfg = Debug|Win32
		{775611F9-5577-4432-A591-C52B400C27D7}.Release|Win32.ActiveCfg = Release|Win32
		{775611F9-5577-4432-A591-C52B400C27D7}.Release|Win32.Build.0 = Release|Win32
		{775611F9-5577-4432-A591-C52B400C27D7}.Release|x64.ActiveCfg = Release|Win32
		{88F18EC4-5BEC-4BC6-8318-1D57C0F17601}.Debug|Win32.ActiveCfg = Debug|Win32
		{88F18EC4-5BEC-4BC6-8318-1D57C0F17601}.Debug|Win32.Build.0 = Debug|Win32
		{88F18EC4-5BEC-4BC6-8318-1D57C0F17601}.Debug|x64.ActiveCfg = Debug|Win32
		{88F18EC4-5BEC-4BC6-8318-1D57C0F17601}.Release|Win32.ActiveCfg = Release|Win32
		{88F18EC4-5BEC-4BC6-8318-1D57C0F17601}.Release|Win32.Build.0 = Release|Win32
		{88F18EC4-5BEC-4BC6-8318-1D57C0F17601}.Release|x64.ActiveCfg = Release|Win32
		{C5206891-6D0A-4252-84C9-E2D7BB485E3D}.Debug|Win32.ActiveCfg = Debug|Win32
		{C5206891-6D0A-4252-84C9-E2D7BB485E3D}.Debug|Win32.Build.0 = Debug|Win32
		{C5206891-6D0A-4252-84C9-E2D7BB485E3D}.Debug|x64.ActiveCfg = Debug|Win32
		{C5206891-6D0A-4252-84C9-E2D7BB485E3D}.Release|Win32.ActiveCfg = Release|Win32
		{C5206891-6D0A-4252-84C9-E2D7BB485E3D}.Release|Win32.Build.0 = Release|Win32
		{C5206891-6D0A-4252-84C9-E2D7BB485E3D}.Release|x64.ActiveCfg = Release|Win32
		{1ACA6FB7-4A53-4B7C-A3A4-A2C43F613272}.Debug|Win32.ActiveCfg = Debug|Win32
		{1ACA6FB7-4A53-4B7C-A3A4-A2C43F613272}.Debug|Win32.Build.0 = Debug|Win32
		{1ACA6FB7-4A53-4B7C-A3A4-A2C43F613272}.Debug|x64.ActiveCfg = Debug|Win32
		{1ACA6FB7-4A53-4B7C-A3A4-A2C43F613272}.Release|Win32.ActiveCfg = Release|Win32
		{1ACA6FB7-4A53-4B7C-A3A4-A2C43F613272}.Release|Win32.Build.0 = Release|Win32
		{1ACA6FB7-4A53-4B7C-A3A4-A2C43F613272}.Release|x64.ActiveCfg = Release|Win32
		{A98A7E62-35E0-4EC3-B21E-44B1151CB490}.Debug|Win32.ActiveCfg = Debug|Win32
		{A98A7E62-35E0-4EC3-B21E-44B1151CB490}.Debug|Win32.Build.0 = Debug|Win32
		{A98A7E62-35E0-4EC3-B21E-44B1151CB490}.Debug|x64.ActiveCfg = Debug|Win32
		{A98A7E62-35E0-4EC3-B21E-44B1151CB490}.Release|Win32.ActiveCfg = Release|Win32
		{A98A7E62-35E0-4EC3-B21E-44B1151CB490}.Release|Win32.Build.0 = Release|Win32
		{A98A7E62-35E0-4EC3-B21E-44B1151CB490}.Release|x64.ActiveCfg = Release|Win32
		{2E404FF5-A2E8-471B-A148-DFFF22C22DEC}.Debug|Win32.ActiveCfg = Debug|Win32
		{2E404FF5-A2E8-471B-A148-DFFF22C22DEC}.Debug|Win32.Build.0 = Debug|Win32
		{2E404FF5-A2E8-471B-A148-DFFF22C22DEC}.Debug|x64.ActiveCfg = Debug|Win32
		{2E404FF5-A2E8-471B-A148-DFFF22C22DEC}.Release|Win32.ActiveCfg = Release|Win32
		{2E404FF5-A2E8-471B-A148-DFFF22C22DEC}.Release|Win32.Build.0 = Release|Win32
		{2E404FF5-A2E8-471B-A148-DFFF22C22DEC}.Release|x64.ActiveCfg = Release|Win32
		{196877DB-396D-4AB8-B602-004CC2DAAC0B}.Debug|Win32.ActiveCfg = Debug|Win32
		{196877DB-396D-4AB8-B602-004CC2DAAC0B}.Debug|Win32.Build.0 = Debug|Win32
		{196877DB-396D-4AB8-B602-004CC2DAAC0B}.Debug|x64.ActiveCfg = Debug|Win32
		{196877DB-396D-4AB8-B602-004CC2DAAC0B}.Release|Win32.ActiveCfg = Release|Win32
		{196877DB-396D-4AB8-B602-004CC2DAAC0B}.Release|Win32.Build.0 = Release|Win32
		{196877DB-396D-4AB8-B602-004CC2DAAC0B}.Release|x64.ActiveCfg = Release|Win32
		{D0B0785E-7904-4D29-9928-74D7FAB27129}.Debug|Win32.ActiveCfg = Debug|Win32
		{D0B0785E-7904-4D29-9928-74D7FAB27129}.Debug|Win32.Build.0 = Debug|Win32
		{D0B0785E-7904-4D29-9928-74D7FAB27129}.Debug|x64.ActiveCfg = Debug|Win32
		{D0B0785E-7904-4D29-9928-74D7FAB27129}.Release|Win32.ActiveCfg = Release|Win32
		{D0B0785E-7904-4D29-9928-74D7FAB27129}.Release|Win32.Build.0 = Release|Win32
		{D0B0785E-7904-4D29-9928-74D7FAB27129}.Release|x64.ActiveCfg = Release|Win32
		{918A2B7A-AFFC-439A-A8E1-4FE640F0FF76}.Debug|Win32.ActiveCfg = Debug|Win32
		{918A2B7A-AFFC-439A-A8E1-4FE640F0FF76}.Debug|Win32.Build.0 = Debug|Win32
		{918A2B7A-AFFC-439A-A8E1-4FE640F0FF76}.Debug|x64.ActiveCfg = Debug|x64
		{918A2B7A-AFFC-439A-A8E1-4FE640F0FF76}.Debug|x64.Build.0 = Debug|x64
		{918A2B7A-AFFC-439A-A8E1-4FE640F0FF76}.Release|Win32.ActiveCfg = Release|Win32
		{918A2B7A-AFFC-439A-A8E1-4FE640F0FF76}.Release|Win32.Build.0 = Release|Win32
		{918A2B7A-AFFC-439A-A8E1-4FE640F0FF76}.Release|x64.ActiveCfg = Release|x64
		{918A2B7A-AFFC-439A-A8E1-4FE640F0FF76}.Release|x64.Build.0 = Release|x64
		{E80D8613-08B5-435B-88EC-B859BD98F064}.Debug|Win32.ActiveCfg = Debug|Win32
		{E80D8613-08B5-435B-88EC-B859BD98F064}.Debug|Win32.Build.0 = Debug|Win32
		{E80D8613-08B5-435B-88EC-B859BD98F064}.Debug|x64.ActiveCfg = Debug|x64
		{E80D8613-08B5-435B-88EC-B859BD98F064}.Debug|x64.Build.0 = Debug|x64
		{E80D8613-08B5-435B-88EC-B859BD98F064}.Release|Win32.ActiveCfg = Release|Win32
		{E80D8613-08B5-435B-88EC-B859BD98F064}.Release|Win32.Build.0 = Release|Win32
		{E80D8613-08B5-435B-88EC-B859BD98F064}.Release|x64.ActiveCfg = Release|x64
		{E80D8613-08B5-435B-88EC-B859BD98F064}.Release|x64.Build.0 = Release|x64
		{D4558E06-D00D-4465-9125-786B78466A62}.Debug|Win32.ActiveCfg = Debug|Win32
		{D4558E06-D00D-4465-9125-786B78466A62}.Debug|Win32.Build.0 = Debug|Win32
		{D4558E06-D00D-4465-9125-786B78466A62}.Debug|x64.ActiveCfg = Debug|x64
		{D4558E06-D00D-4465-9125-786B78466A62}.Debug|x64.Build.0 = Debug|x64
		{D4558E06-D00D-4465-9125-786B78466A62}.Release|Win32.ActiveCfg = Release|Win32
		{D4558E06-D00D-4465-9125-786B78466A62}.Release|Win32.Build.0 = Release|Win32
		{D4558E06-D00D-4465-9125-786B78466A62}.Release|x64.ActiveCfg = Release|x64
		{D4558E06-D00D-4465-9125-786B78466A62}.Release|x64.Build.0 = Release|x64
		{BA874602-FDAD-4FCA-A1A5-75F92C758700}.Debug|Win32.ActiveCfg = Debug|Win32
		{BA874602-FDAD-4FCA-A1A5-75F92C758700}.Debug|Win32.Build.0 = Debug|Win32
		{BA874602-FDAD-4FCA-A1A5-75F92C758700}.Debug|x64.ActiveCfg = Debug|x64
		{BA874602-FDAD-4FCA-A1A5-75F92C758700}.Debug|x64.Build.0 = Debug|x64
		{BA874602-FDAD-4FCA-A1A5-75F92C758700}.Release|Win32.ActiveCfg = Release|Win32
		{BA874602-FDAD-4FCA-A1A5-75F92C758700}.Release|Win32.Build.0 = Release|Win32
		{BA874602-FDAD-4FCA-A1A5-75F92C758700}.Release|x64.ActiveCfg = Release|x64
		{BA874602-FDAD-4FCA-A1A5-75F92C758700}.Release|x64.Build.0 = Release|x64
		{1844B9D8-239B-40E6-B05E-A9E7AF978F20}.Debug|Win32.ActiveCfg = Debug|Win32
		{1844B9D8-239B-40E6-B05E-A9E7AF978F20}.Debug|Win32.Build.0 = Debug|Win32
		{1844B9D8-239B-40E6-B05E-A9E7AF978F20}.Debug|x64.ActiveCfg = Debug|x64
		{1844B9D8-239B-40E6-B05E-A9E7AF978F20}.Debug|x64.Build.0 = Debug|x64
		{1844B9D8-239B-40E6-B05E-A9E7AF978F20}.Release|Win32.ActiveCfg = Release|Win32
		{1844B9D8-239B-40E6-B05E-A9E7AF978F20}.Release|Win32.Build.0 = Release|Win32
		{1844B9D8-239B-40E6-B05E-A9E7AF978F20}.Release|x64.ActiveCfg = Release|x64
		{1844B9D8-239B-40E6-B05E-A9E7AF978F20}.Release|x64.Build.0 = Release|x64
		{BFB367C6-FF82-4B13-99D6-E3CA712EEFCA}.Debug|Win32.ActiveCfg = Debug|Win32
		{BFB367C6-FF82-4B13-99D6-E3CA712EEFCA}.Debug|Win32.Build.0 = Debug|Win32
		{BFB367C6-FF82-4B13-99D6-E3CA712EEFCA}.Debug|x64.ActiveCfg = Debug|x64
		{BFB367C6-FF82-4B13-99D6-E3CA712EEFCA}.Debug|x64.Build.0 = Debug|x64
		{BFB367C6-FF82-4B13-99D6-E3CA712EEFCA}.Release|Win32.ActiveCfg = Release|Win32
		{BFB367C6-FF82-4B13-99D6-E3CA712EEFCA}.Release|Win32.Build.0 = Release|Win32
		{BFB367C6-FF82-4B13-99D6-E3CA712EEFCA}.Release|x64.ActiveCfg = Release|x64
		{BFB367C6-FF82-4B13-99D6-E3CA712EEFCA}.Release|x64.Build.0 = Release|x64
	EndGlobalSection
	GlobalSection(SolutionProperties) = preSolution
		HideSolutionNode = FALSE
	EndGlobalSection
EndGlobal
